
Microsoft Visual Studio Solution File, Format Version 12.00
# Visual Studio Version 16
VisualStudioVersion = 16.0.28803.352
MinimumVisualStudioVersion = 10.0.40219.1
Project("{FAE04EC0-301F-11D3-BF4B-00C04F79EFBC}") = "TelerikAspNetCoreApp1", "TelerikAspNetCoreApp1\TelerikAspNetCoreApp1.csproj", "{FE9AB3DB-D724-4148-923F-D0D5A609BE86}"
EndProject
Project("{2150E333-8FDC-42A3-9474-1A3956D46DE8}") = "Solution Items", "Solution Items", "{8788750E-4461-47F0-8B1C-D805999CF51F}"
	ProjectSection(SolutionItems) = preProject
		C:\Users\martine\source\repos\TelerikAspNetCoreApp1\global.json = C:\Users\martine\source\repos\TelerikAspNetCoreApp1\global.json
	EndProjectSection
EndProject
Global
	GlobalSection(SolutionConfigurationPlatforms) = preSolution
		Debug|Any CPU = Debug|Any CPU
		Release|Any CPU = Release|Any CPU
	EndGlobalSection
	GlobalSection(ProjectConfigurationPlatforms) = postSolution
		{FE9AB3DB-D724-4148-923F-D0D5A609BE86}.Debug|Any CPU.ActiveCfg = Debug|Any CPU
		{FE9AB3DB-D724-4148-923F-D0D5A609BE86}.Debug|Any CPU.Build.0 = Debug|Any CPU
		{FE9AB3DB-D724-4148-923F-D0D5A609BE86}.Release|Any CPU.ActiveCfg = Release|Any CPU
		{FE9AB3DB-D724-4148-923F-D0D5A609BE86}.Release|Any CPU.Build.0 = Release|Any CPU
	EndGlobalSection
	GlobalSection(SolutionProperties) = preSolution
		HideSolutionNode = FALSE
	EndGlobalSection
	GlobalSection(ExtensibilityGlobals) = postSolution
		SolutionGuid = {5DAC3345-14E4-4F7D-8D71-F462247C246F}
	EndGlobalSection
EndGlobal
